// !$*UTF8*$!
{
	archiveVersion = 1;
	classes = {
	};
	objectVersion = 50;
	objects = {

/* Begin PBXBuildFile section */
		C48C5BD9257A517100DC33B5 /* VilliansViewController.swift in Sources */ = {isa = PBXBuildFile; fileRef = C48C5BD8257A517100DC33B5 /* VilliansViewController.swift */; };
		C48C5BE1257AB59100DC33B5 /* CharacterCellView.xib in Resources */ = {isa = PBXBuildFile; fileRef = C48C5BE0257AB59100DC33B5 /* CharacterCellView.xib */; };
		C4B030FA257779A900292E7C /* AppDelegate.swift in Sources */ = {isa = PBXBuildFile; fileRef = C4B030F9257779A900292E7C /* AppDelegate.swift */; };
		C4B030FC257779A900292E7C /* SceneDelegate.swift in Sources */ = {isa = PBXBuildFile; fileRef = C4B030FB257779A900292E7C /* SceneDelegate.swift */; };
		C4B030FE257779A900292E7C /* SplashViewController.swift in Sources */ = {isa = PBXBuildFile; fileRef = C4B030FD257779A900292E7C /* SplashViewController.swift */; };
		C4B03101257779A900292E7C /* Home.storyboard in Resources */ = {isa = PBXBuildFile; fileRef = C4B030FF257779A900292E7C /* Home.storyboard */; };
		C4B03103257779AB00292E7C /* Assets.xcassets in Resources */ = {isa = PBXBuildFile; fileRef = C4B03102257779AB00292E7C /* Assets.xcassets */; };
		C4B03106257779AB00292E7C /* LaunchScreen.storyboard in Resources */ = {isa = PBXBuildFile; fileRef = C4B03104257779AB00292E7C /* LaunchScreen.storyboard */; };
		C4B031192577B48400292E7C /* SuperHeroesViewController.swift in Sources */ = {isa = PBXBuildFile; fileRef = C4B031182577B48400292E7C /* SuperHeroesViewController.swift */; };
		C4B0312C2577D30600292E7C /* SplashScreen.storyboard in Resources */ = {isa = PBXBuildFile; fileRef = C4B0311D2577BF5D00292E7C /* SplashScreen.storyboard */; };
		C4B031352577DECD00292E7C /* Character.swift in Sources */ = {isa = PBXBuildFile; fileRef = C4B031342577DECD00292E7C /* Character.swift */; };
/* End PBXBuildFile section */

/* Begin PBXFileReference section */
		C48C5BD8257A517100DC33B5 /* VilliansViewController.swift */ = {isa = PBXFileReference; lastKnownFileType = sourcecode.swift; path = VilliansViewController.swift; sourceTree = "<group>"; };
		C48C5BE0257AB59100DC33B5 /* CharacterCellView.xib */ = {isa = PBXFileReference; lastKnownFileType = file.xib; path = CharacterCellView.xib; sourceTree = "<group>"; };
		C4B030F6257779A900292E7C /* AvengersApp.app */ = {isa = PBXFileReference; explicitFileType = wrapper.application; includeInIndex = 0; path = AvengersApp.app; sourceTree = BUILT_PRODUCTS_DIR; };
		C4B030F9257779A900292E7C /* AppDelegate.swift */ = {isa = PBXFileReference; lastKnownFileType = sourcecode.swift; path = AppDelegate.swift; sourceTree = "<group>"; };
		C4B030FB257779A900292E7C /* SceneDelegate.swift */ = {isa = PBXFileReference; lastKnownFileType = sourcecode.swift; path = SceneDelegate.swift; sourceTree = "<group>"; };
		C4B030FD257779A900292E7C /* SplashViewController.swift */ = {isa = PBXFileReference; lastKnownFileType = sourcecode.swift; path = SplashViewController.swift; sourceTree = "<group>"; };
		C4B03100257779A900292E7C /* Base */ = {isa = PBXFileReference; lastKnownFileType = file.storyboard; name = Base; path = Base.lproj/Home.storyboard; sourceTree = "<group>"; };
		C4B03102257779AB00292E7C /* Assets.xcassets */ = {isa = PBXFileReference; lastKnownFileType = folder.assetcatalog; path = Assets.xcassets; sourceTree = "<group>"; };
		C4B03105257779AB00292E7C /* Base */ = {isa = PBXFileReference; lastKnownFileType = file.storyboard; name = Base; path = Base.lproj/LaunchScreen.storyboard; sourceTree = "<group>"; };
		C4B03107257779AB00292E7C /* Info.plist */ = {isa = PBXFileReference; lastKnownFileType = text.plist.xml; path = Info.plist; sourceTree = "<group>"; };
		C4B031182577B48400292E7C /* SuperHeroesViewController.swift */ = {isa = PBXFileReference; lastKnownFileType = sourcecode.swift; path = SuperHeroesViewController.swift; sourceTree = "<group>"; };
		C4B0311C2577BF5D00292E7C /* Base */ = {isa = PBXFileReference; lastKnownFileType = file.storyboard; name = Base; path = Base.lproj/SplashScreen.storyboard; sourceTree = "<group>"; };
		C4B031342577DECD00292E7C /* Character.swift */ = {isa = PBXFileReference; lastKnownFileType = sourcecode.swift; path = Character.swift; sourceTree = "<group>"; };
/* End PBXFileReference section */

/* Begin PBXFrameworksBuildPhase section */
		C4B030F3257779A900292E7C /* Frameworks */ = {
			isa = PBXFrameworksBuildPhase;
			buildActionMask = 2147483647;
			files = (
			);
			runOnlyForDeploymentPostprocessing = 0;
		};
/* End PBXFrameworksBuildPhase section */

/* Begin PBXGroup section */
		C48C5BDF257AB57A00DC33B5 /* Cells */ = {
			isa = PBXGroup;
			children = (
				C48C5BE0257AB59100DC33B5 /* CharacterCellView.xib */,
			);
			path = Cells;
			sourceTree = "<group>";
		};
		C4B030ED257779A900292E7C = {
			isa = PBXGroup;
			children = (
				C4B030F8257779A900292E7C /* AvengersApp */,
				C4B030F7257779A900292E7C /* Products */,
			);
			sourceTree = "<group>";
		};
		C4B030F7257779A900292E7C /* Products */ = {
			isa = PBXGroup;
			children = (
				C4B030F6257779A900292E7C /* AvengersApp.app */,
			);
			name = Products;
			sourceTree = "<group>";
		};
		C4B030F8257779A900292E7C /* AvengersApp */ = {
			isa = PBXGroup;
			children = (
				C4B0310E257779BB00292E7C /* App */,
				C4B03111257779D100292E7C /* Controllers */,
				C4B03110257779C600292E7C /* Models */,
				C4B0310F257779BF00292E7C /* Views */,
			);
			path = AvengersApp;
			sourceTree = "<group>";
		};
		C4B0310E257779BB00292E7C /* App */ = {
			isa = PBXGroup;
			children = (
				C4B030F9257779A900292E7C /* AppDelegate.swift */,
				C4B030FB257779A900292E7C /* SceneDelegate.swift */,
				C4B03102257779AB00292E7C /* Assets.xcassets */,
				C4B03107257779AB00292E7C /* Info.plist */,
			);
			path = App;
			sourceTree = "<group>";
		};
		C4B0310F257779BF00292E7C /* Views */ = {
			isa = PBXGroup;
			children = (
				C48C5BDF257AB57A00DC33B5 /* Cells */,
				C4B030FF257779A900292E7C /* Home.storyboard */,
				C4B03104257779AB00292E7C /* LaunchScreen.storyboard */,
				C4B0311D2577BF5D00292E7C /* SplashScreen.storyboard */,
			);
			path = Views;
			sourceTree = "<group>";
		};
		C4B03110257779C600292E7C /* Models */ = {
			isa = PBXGroup;
			children = (
				C4B031342577DECD00292E7C /* Character.swift */,
			);
			path = Models;
			sourceTree = "<group>";
		};
		C4B03111257779D100292E7C /* Controllers */ = {
			isa = PBXGroup;
			children = (
				C4B030FD257779A900292E7C /* SplashViewController.swift */,
				C4B031182577B48400292E7C /* SuperHeroesViewController.swift */,
				C48C5BD8257A517100DC33B5 /* VilliansViewController.swift */,
			);
			path = Controllers;
			sourceTree = "<group>";
		};
/* End PBXGroup section */

/* Begin PBXNativeTarget section */
		C4B030F5257779A900292E7C /* AvengersApp */ = {
			isa = PBXNativeTarget;
			buildConfigurationList = C4B0310A257779AB00292E7C /* Build configuration list for PBXNativeTarget "AvengersApp" */;
			buildPhases = (
				C4B030F2257779A900292E7C /* Sources */,
				C4B030F3257779A900292E7C /* Frameworks */,
				C4B030F4257779A900292E7C /* Resources */,
			);
			buildRules = (
			);
			dependencies = (
			);
			name = AvengersApp;
			productName = AvengersApp;
			productReference = C4B030F6257779A900292E7C /* AvengersApp.app */;
			productType = "com.apple.product-type.application";
		};
/* End PBXNativeTarget section */

/* Begin PBXProject section */
		C4B030EE257779A900292E7C /* Project object */ = {
			isa = PBXProject;
			attributes = {
				LastSwiftUpdateCheck = 1220;
				LastUpgradeCheck = 1220;
				TargetAttributes = {
					C4B030F5257779A900292E7C = {
						CreatedOnToolsVersion = 12.2;
					};
				};
			};
			buildConfigurationList = C4B030F1257779A900292E7C /* Build configuration list for PBXProject "AvengersApp" */;
			compatibilityVersion = "Xcode 9.3";
			developmentRegion = en;
			hasScannedForEncodings = 0;
			knownRegions = (
				en,
				Base,
			);
			mainGroup = C4B030ED257779A900292E7C;
			productRefGroup = C4B030F7257779A900292E7C /* Products */;
			projectDirPath = "";
			projectRoot = "";
			targets = (
				C4B030F5257779A900292E7C /* AvengersApp */,
			);
		};
/* End PBXProject section */

/* Begin PBXResourcesBuildPhase section */
		C4B030F4257779A900292E7C /* Resources */ = {
			isa = PBXResourcesBuildPhase;
			buildActionMask = 2147483647;
			files = (
				C4B03106257779AB00292E7C /* LaunchScreen.storyboard in Resources */,
				C4B0312C2577D30600292E7C /* SplashScreen.storyboard in Resources */,
				C4B03103257779AB00292E7C /* Assets.xcassets in Resources */,
				C4B03101257779A900292E7C /* Home.storyboard in Resources */,
				C48C5BE1257AB59100DC33B5 /* CharacterCellView.xib in Resources */,
			);
			runOnlyForDeploymentPostprocessing = 0;
		};
/* End PBXResourcesBuildPhase section */

/* Begin PBXSourcesBuildPhase section */
		C4B030F2257779A900292E7C /* Sources */ = {
			isa = PBXSourcesBuildPhase;
			buildActionMask = 2147483647;
			files = (
				C4B030FE257779A900292E7C /* SplashViewController.swift in Sources */,
				C4B030FA257779A900292E7C /* AppDelegate.swift in Sources */,
				C48C5BD9257A517100DC33B5 /* VilliansViewController.swift in Sources */,
				C4B031352577DECD00292E7C /* Character.swift in Sources */,
				C4B030FC257779A900292E7C /* SceneDelegate.swift in Sources */,
				C4B031192577B48400292E7C /* SuperHeroesViewController.swift in Sources */,
			);
			runOnlyForDeploymentPostprocessing = 0;
		};
/* End PBXSourcesBuildPhase section */

/* Begin PBXVariantGroup section */
		C4B030FF257779A900292E7C /* Home.storyboard */ = {
			isa = PBXVariantGroup;
			children = (
				C4B03100257779A900292E7C /* Base */,
			);
			name = Home.storyboard;
			sourceTree = "<group>";
		};
		C4B03104257779AB00292E7C /* LaunchScreen.storyboard */ = {
			isa = PBXVariantGroup;
			children = (
				C4B03105257779AB00292E7C /* Base */,
			);
			name = LaunchScreen.storyboard;
			sourceTree = "<group>";
		};
		C4B0311D2577BF5D00292E7C /* SplashScreen.storyboard */ = {
			isa = PBXVariantGroup;
			children = (
				C4B0311C2577BF5D00292E7C /* Base */,
			);
			name = SplashScreen.storyboard;
			sourceTree = "<group>";
		};
/* End PBXVariantGroup section */

/* Begin XCBuildConfiguration section */
		C4B03108257779AB00292E7C /* Debug */ = {
			isa = XCBuildConfiguration;
			buildSettings = {
				ALWAYS_SEARCH_USER_PATHS = NO;
				CLANG_ANALYZER_NONNULL = YES;
				CLANG_ANALYZER_NUMBER_OBJECT_CONVERSION = YES_AGGRESSIVE;
				CLANG_CXX_LANGUAGE_STANDARD = "gnu++14";
				CLANG_CXX_LIBRARY = "libc++";
				CLANG_ENABLE_MODULES = YES;
				CLANG_ENABLE_OBJC_ARC = YES;
				CLANG_ENABLE_OBJC_WEAK = YES;
				CLANG_WARN_BLOCK_CAPTURE_AUTORELEASING = YES;
				CLANG_WARN_BOOL_CONVERSION = YES;
				CLANG_WARN_COMMA = YES;
				CLANG_WARN_CONSTANT_CONVERSION = YES;
				CLANG_WARN_DEPRECATED_OBJC_IMPLEMENTATIONS = YES;
				CLANG_WARN_DIRECT_OBJC_ISA_USAGE = YES_ERROR;
				CLANG_WARN_DOCUMENTATION_COMMENTS = YES;
				CLANG_WARN_EMPTY_BODY = YES;
				CLANG_WARN_ENUM_CONVERSION = YES;
				CLANG_WARN_INFINITE_RECURSION = YES;
				CLANG_WARN_INT_CONVERSION = YES;
				CLANG_WARN_NON_LITERAL_NULL_CONVERSION = YES;
				CLANG_WARN_OBJC_IMPLICIT_RETAIN_SELF = YES;
				CLANG_WARN_OBJC_LITERAL_CONVERSION = YES;
				CLANG_WARN_OBJC_ROOT_CLASS = YES_ERROR;
				CLANG_WARN_QUOTED_INCLUDE_IN_FRAMEWORK_HEADER = YES;
				CLANG_WARN_RANGE_LOOP_ANALYSIS = YES;
				CLANG_WARN_STRICT_PROTOTYPES = YES;
				CLANG_WARN_SUSPICIOUS_MOVE = YES;
				CLANG_WARN_UNGUARDED_AVAILABILITY = YES_AGGRESSIVE;
				CLANG_WARN_UNREACHABLE_CODE = YES;
				CLANG_WARN__DUPLICATE_METHOD_MATCH = YES;
				COPY_PHASE_STRIP = NO;
				DEBUG_INFORMATION_FORMAT = dwarf;
				ENABLE_STRICT_OBJC_MSGSEND = YES;
				ENABLE_TESTABILITY = YES;
				GCC_C_LANGUAGE_STANDARD = gnu11;
				GCC_DYNAMIC_NO_PIC = NO;
				GCC_NO_COMMON_BLOCKS = YES;
				GCC_OPTIMIZATION_LEVEL = 0;
				GCC_PREPROCESSOR_DEFINITIONS = (
					"DEBUG=1",
					"$(inherited)",
				);
				GCC_WARN_64_TO_32_BIT_CONVERSION = YES;
				GCC_WARN_ABOUT_RETURN_TYPE = YES_ERROR;
				GCC_WARN_UNDECLARED_SELECTOR = YES;
				GCC_WARN_UNINITIALIZED_AUTOS = YES_AGGRESSIVE;
				GCC_WARN_UNUSED_FUNCTION = YES;
				GCC_WARN_UNUSED_VARIABLE = YES;
				IPHONEOS_DEPLOYMENT_TARGET = 14.2;
				MTL_ENABLE_DEBUG_INFO = INCLUDE_SOURCE;
				MTL_FAST_MATH = YES;
				ONLY_ACTIVE_ARCH = YES;
				SDKROOT = iphoneos;
				SWIFT_ACTIVE_COMPILATION_CONDITIONS = DEBUG;
				SWIFT_OPTIMIZATION_LEVEL = "-Onone";
			};
			name = Debug;
		};
		C4B03109257779AB00292E7C /* Release */ = {
			isa = XCBuildConfiguration;
			buildSettings = {
				ALWAYS_SEARCH_USER_PATHS = NO;
				CLANG_ANALYZER_NONNULL = YES;
				CLANG_ANALYZER_NUMBER_OBJECT_CONVERSION = YES_AGGRESSIVE;
				CLANG_CXX_LANGUAGE_STANDARD = "gnu++14";
				CLANG_CXX_LIBRARY = "libc++";
				CLANG_ENABLE_MODULES = YES;
				CLANG_ENABLE_OBJC_ARC = YES;
				CLANG_ENABLE_OBJC_WEAK = YES;
				CLANG_WARN_BLOCK_CAPTURE_AUTORELEASING = YES;
				CLANG_WARN_BOOL_CONVERSION = YES;
				CLANG_WARN_COMMA = YES;
				CLANG_WARN_CONSTANT_CONVERSION = YES;
				CLANG_WARN_DEPRECATED_OBJC_IMPLEMENTATIONS = YES;
				CLANG_WARN_DIRECT_OBJC_ISA_USAGE = YES_ERROR;
				CLANG_WARN_DOCUMENTATION_COMMENTS = YES;
				CLANG_WARN_EMPTY_BODY = YES;
				CLANG_WARN_ENUM_CONVERSION = YES;
				CLANG_WARN_INFINITE_RECURSION = YES;
				CLANG_WARN_INT_CONVERSION = YES;
				CLANG_WARN_NON_LITERAL_NULL_CONVERSION = YES;
				CLANG_WARN_OBJC_IMPLICIT_RETAIN_SELF = YES;
				CLANG_WARN_OBJC_LITERAL_CONVERSION = YES;
				CLANG_WARN_OBJC_ROOT_CLASS = YES_ERROR;
				CLANG_WARN_QUOTED_INCLUDE_IN_FRAMEWORK_HEADER = YES;
				CLANG_WARN_RANGE_LOOP_ANALYSIS = YES;
				CLANG_WARN_STRICT_PROTOTYPES = YES;
				CLANG_WARN_SUSPICIOUS_MOVE = YES;
				CLANG_WARN_UNGUARDED_AVAILABILITY = YES_AGGRESSIVE;
				CLANG_WARN_UNREACHABLE_CODE = YES;
				CLANG_WARN__DUPLICATE_METHOD_MATCH = YES;
				COPY_PHASE_STRIP = NO;
				DEBUG_INFORMATION_FORMAT = "dwarf-with-dsym";
				ENABLE_NS_ASSERTIONS = NO;
				ENABLE_STRICT_OBJC_MSGSEND = YES;
				GCC_C_LANGUAGE_STANDARD = gnu11;
				GCC_NO_COMMON_BLOCKS = YES;
				GCC_WARN_64_TO_32_BIT_CONVERSION = YES;
				GCC_WARN_ABOUT_RETURN_TYPE = YES_ERROR;
				GCC_WARN_UNDECLARED_SELECTOR = YES;
				GCC_WARN_UNINITIALIZED_AUTOS = YES_AGGRESSIVE;
				GCC_WARN_UNUSED_FUNCTION = YES;
				GCC_WARN_UNUSED_VARIABLE = YES;
				IPHONEOS_DEPLOYMENT_TARGET = 14.2;
				MTL_ENABLE_DEBUG_INFO = NO;
				MTL_FAST_MATH = YES;
				SDKROOT = iphoneos;
				SWIFT_COMPILATION_MODE = wholemodule;
				SWIFT_OPTIMIZATION_LEVEL = "-O";
				VALIDATE_PRODUCT = YES;
			};
			name = Release;
		};
		C4B0310B257779AB00292E7C /* Debug */ = {
			isa = XCBuildConfiguration;
			buildSettings = {
				ASSETCATALOG_COMPILER_APPICON_NAME = AppIcon;
				ASSETCATALOG_COMPILER_GLOBAL_ACCENT_COLOR_NAME = AccentColor;
				CODE_SIGN_STYLE = Automatic;
				INFOPLIST_FILE = AvengersApp/App/Info.plist;
				LD_RUNPATH_SEARCH_PATHS = (
					"$(inherited)",
					"@executable_path/Frameworks",
				);
				PRODUCT_BUNDLE_IDENTIFIER = com.simplegapps.AvengersApp;
				PRODUCT_NAME = "$(TARGET_NAME)";
				SWIFT_VERSION = 5.0;
				TARGETED_DEVICE_FAMILY = "1,2";
			};
			name = Debug;
		};
		C4B0310C257779AB00292E7C /* Release */ = {
			isa = XCBuildConfiguration;
			buildSettings = {
				ASSETCATALOG_COMPILER_APPICON_NAME = AppIcon;
				ASSETCATALOG_COMPILER_GLOBAL_ACCENT_COLOR_NAME = AccentColor;
				CODE_SIGN_STYLE = Automatic;
				INFOPLIST_FILE = AvengersApp/App/Info.plist;
				LD_RUNPATH_SEARCH_PATHS = (
					"$(inherited)",
					"@executable_path/Frameworks",
				);
				PRODUCT_BUNDLE_IDENTIFIER = com.simplegapps.AvengersApp;
				PRODUCT_NAME = "$(TARGET_NAME)";
				SWIFT_VERSION = 5.0;
				TARGETED_DEVICE_FAMILY = "1,2";
			};
			name = Release;
		};
/* End XCBuildConfiguration section */

/* Begin XCConfigurationList section */
		C4B030F1257779A900292E7C /* Build configuration list for PBXProject "AvengersApp" */ = {
			isa = XCConfigurationList;
			buildConfigurations = (
				C4B03108257779AB00292E7C /* Debug */,
				C4B03109257779AB00292E7C /* Release */,
			);
			defaultConfigurationIsVisible = 0;
			defaultConfigurationName = Release;
		};
		C4B0310A257779AB00292E7C /* Build configuration list for PBXNativeTarget "AvengersApp" */ = {
			isa = XCConfigurationList;
			buildConfigurations = (
				C4B0310B257779AB00292E7C /* Debug */,
				C4B0310C257779AB00292E7C /* Release */,
			);
			defaultConfigurationIsVisible = 0;
			defaultConfigurationName = Release;
		};
/* End XCConfigurationList section */
	};
	rootObject = C4B030EE257779A900292E7C /* Project object */;
}
